
Microsoft Visual Studio Solution File, Format Version 12.00
# Visual Studio Version 17
VisualStudioVersion = 17.7.34031.279
MinimumVisualStudioVersion = 10.0.40219.1
Project("{FAE04EC0-301F-11D3-BF4B-00C04F79EFBC}") = "Prog_122_L15_ListView", "Prog_122_L15_ListView.csproj", "{AF7F0B2E-0AA3-4922-B112-0525A02A51F3}"
EndProject
Global
	GlobalSection(SolutionConfigurationPlatforms) = preSolution
		Debug|Any CPU = Debug|Any CPU
		Release|Any CPU = Release|Any CPU
	EndGlobalSection
	GlobalSection(ProjectConfigurationPlatforms) = postSolution
		{AF7F0B2E-0AA3-4922-B112-0525A02A51F3}.Debug|Any CPU.ActiveCfg = Debug|Any CPU
		{AF7F0B2E-0AA3-4922-B112-0525A02A51F3}.Debug|Any CPU.Build.0 = Debug|Any CPU
		{AF7F0B2E-0AA3-4922-B112-0525A02A51F3}.Release|Any CPU.ActiveCfg = Release|Any CPU
		{AF7F0B2E-0AA3-4922-B112-0525A02A51F3}.Release|Any CPU.Build.0 = Release|Any CPU
	EndGlobalSection
	GlobalSection(SolutionProperties) = preSolution
		HideSolutionNode = FALSE
	EndGlobalSection
	GlobalSection(ExtensibilityGlobals) = postSolution
		SolutionGuid = {0F625C24-D0F7-4B0C-9D95-46C97CC882B5}
	EndGlobalSection
EndGlobal
